
Microsoft Visual Studio Solution File, Format Version 12.00
# Visual Studio Version 17
VisualStudioVersion = 17.4.33213.308
MinimumVisualStudioVersion = 10.0.40219.1
Project("{9A19103F-16F7-4668-BE54-9A1E7A4F7556}") = "PKM_Switch_AutoUpdater", "PKM_Switch_AutoUpdater\PKM_Switch_AutoUpdater.csproj", "{2807765D-9710-469C-AE96-A3F7F70C46E8}"
EndProject
Project("{2150E333-8FDC-42A3-9474-1A3956D46DE8}") = "Solution Items", "Solution Items", "{E72011B5-FA08-47B4-8B6F-2A239102112C}"
	ProjectSection(SolutionItems) = preProject
		..\..\Users\ehh\Pictures\_4b87383f-89a3-4738-bba3-7c53458250f2.jpg = ..\..\Users\ehh\Pictures\_4b87383f-89a3-4738-bba3-7c53458250f2.jpg
	EndProjectSection
EndProject
Global
	GlobalSection(SolutionConfigurationPlatforms) = preSolution
		Debug|Any CPU = Debug|Any CPU
		Release|Any CPU = Release|Any CPU
	EndGlobalSection
	GlobalSection(ProjectConfigurationPlatforms) = postSolution
		{2807765D-9710-469C-AE96-A3F7F70C46E8}.Debug|Any CPU.ActiveCfg = Debug|Any CPU
		{2807765D-9710-469C-AE96-A3F7F70C46E8}.Debug|Any CPU.Build.0 = Debug|Any CPU
		{2807765D-9710-469C-AE96-A3F7F70C46E8}.Release|Any CPU.ActiveCfg = Release|Any CPU
		{2807765D-9710-469C-AE96-A3F7F70C46E8}.Release|Any CPU.Build.0 = Release|Any CPU
	EndGlobalSection
	GlobalSection(SolutionProperties) = preSolution
		HideSolutionNode = FALSE
	EndGlobalSection
	GlobalSection(ExtensibilityGlobals) = postSolution
		SolutionGuid = {4FA58D64-BF71-4BF7-92A6-37556B7C5DC6}
	EndGlobalSection
EndGlobal
